{
  "name": "opennav-example-cli-build-script",
  "version": "0.0.0",
  "lockfileVersion": 3,
  "requires": true,
  "packages": {
    "": {
      "name": "opennav-example-cli-build-script",
      "version": "0.0.0",
      "devDependencies": {
        "@opennav-ai/opennav": "file:../../packages/opennav"
      }
    },
    "../../packages/opennav": {
      "name": "@opennav-ai/opennav",
      "version": "0.0.0",
      "dev": true,
      "dependencies": {
        "@opennav-ai/engine": "0.0.0",
        "neverthrow": "^8.2.0"
      },
      "bin": {
        "opennav": "dist/cli.cjs",
        "opennav-ai": "dist/cli.cjs"
      },
      "devDependencies": {
        "typescript": "^6.0.2",
        "vitest": "^4.1.4",
        "zshy": "^0.7.1"
      }
    },
    "node_modules/@opennav-ai/opennav": {
      "resolved": "../../packages/opennav",
      "link": true
    }
  }
}
