{
  "name": "opennav-example-static-site-sdk",
  "version": "0.0.0",
  "lockfileVersion": 3,
  "requires": true,
  "packages": {
    "": {
      "name": "opennav-example-static-site-sdk",
      "version": "0.0.0",
      "dependencies": {
        "@opennav-ai/opennav": "file:../../packages/opennav"
      },
      "devDependencies": {
        "@types/node": "25.5.2",
        "typescript": "6.0.2"
      }
    },
    "../../packages/opennav": {
      "name": "@opennav-ai/opennav",
      "version": "0.0.1",
      "dependencies": {
        "commander": "^14.0.3",
        "js-tiktoken": "^1.0.21",
        "neverthrow": "^8.2.0",
        "parse5": "^8.0.1",
        "turndown": "^7.2.4",
        "turndown-plugin-gfm": "^1.0.2"
      },
      "bin": {
        "opennav": "dist/opennav/src/cli.cjs",
        "opennav-ai": "dist/opennav/src/cli.cjs"
      },
      "devDependencies": {
        "typescript": "^6.0.2",
        "vitest": "^4.1.4",
        "zshy": "^0.7.1"
      }
    },
    "node_modules/@opennav-ai/opennav": {
      "resolved": "../../packages/opennav",
      "link": true
    },
    "node_modules/@types/node": {
      "version": "25.5.2",
      "resolved": "https://registry.npmjs.org/@types/node/-/node-25.5.2.tgz",
      "integrity": "sha512-tO4ZIRKNC+MDWV4qKVZe3Ql/woTnmHDr5JD8UI5hn2pwBrHEwOEMZK7WlNb5RKB6EoJ02gwmQS9OrjuFnZYdpg==",
      "dev": true,
      "license": "MIT",
      "dependencies": {
        "undici-types": "~7.18.0"
      }
    },
    "node_modules/typescript": {
      "version": "6.0.2",
      "resolved": "https://registry.npmjs.org/typescript/-/typescript-6.0.2.tgz",
      "integrity": "sha512-bGdAIrZ0wiGDo5l8c++HWtbaNCWTS4UTv7RaTH/ThVIgjkveJt83m74bBHMJkuCbslY8ixgLBVZJIOiQlQTjfQ==",
      "dev": true,
      "license": "Apache-2.0",
      "bin": {
        "tsc": "bin/tsc",
        "tsserver": "bin/tsserver"
      },
      "engines": {
        "node": ">=14.17"
      }
    },
    "node_modules/undici-types": {
      "version": "7.18.2",
      "resolved": "https://registry.npmjs.org/undici-types/-/undici-types-7.18.2.tgz",
      "integrity": "sha512-AsuCzffGHJybSaRrmr5eHr81mwJU3kjw6M+uprWvCXiNeN9SOGwQ3Jn8jb8m3Z6izVgknn1R0FTCEAP2QrLY/w==",
      "dev": true,
      "license": "MIT"
    }
  }
}
